
Microsoft Visual Studio Solution File, Format Version 12.00
# Visual Studio Version 17
VisualStudioVersion = 17.3.32929.385
MinimumVisualStudioVersion = 10.0.40219.1
Project("{888888A0-9F3D-457C-B088-3A5042F75D52}") = "CryptoCalculator", "CryptoCalculator\CryptoCalculator.pyproj", "{049A65D7-514C-4FBF-AC2A-A7553168B52E}"
EndProject
Global
	GlobalSection(SolutionConfigurationPlatforms) = preSolution
		Debug|Any CPU = Debug|Any CPU
		Release|Any CPU = Release|Any CPU
	EndGlobalSection
	GlobalSection(ProjectConfigurationPlatforms) = postSolution
		{049A65D7-514C-4FBF-AC2A-A7553168B52E}.Debug|Any CPU.ActiveCfg = Debug|Any CPU
		{049A65D7-514C-4FBF-AC2A-A7553168B52E}.Release|Any CPU.ActiveCfg = Release|Any CPU
	EndGlobalSection
	GlobalSection(SolutionProperties) = preSolution
		HideSolutionNode = FALSE
	EndGlobalSection
	GlobalSection(ExtensibilityGlobals) = postSolution
		SolutionGuid = {67EDD46D-B04D-4A78-9F18-BD856C20CB38}
	EndGlobalSection
EndGlobal
